
Microsoft Visual Studio Solution File, Format Version 12.00
# Visual Studio Version 17
VisualStudioVersion = 17.10.35004.147
MinimumVisualStudioVersion = 10.0.40219.1
Project("{FAE04EC0-301F-11D3-BF4B-00C04F79EFBC}") = "FinfrockTools", "FinfrockTools\FinfrockTools.csproj", "{71E42AAC-243E-4379-BA3B-11620788E0B7}"
EndProject
Global
	GlobalSection(SolutionConfigurationPlatforms) = preSolution
		D 2024|Any CPU = D 2024|Any CPU
		D 2024|x64 = D 2024|x64
		R 2024|Any CPU = R 2024|Any CPU
		R 2024|x64 = R 2024|x64
	EndGlobalSection
	GlobalSection(ProjectConfigurationPlatforms) = postSolution
		{71E42AAC-243E-4379-BA3B-11620788E0B7}.D 2024|Any CPU.ActiveCfg = D 2024|Any CPU
		{71E42AAC-243E-4379-BA3B-11620788E0B7}.D 2024|Any CPU.Build.0 = D 2024|Any CPU
		{71E42AAC-243E-4379-BA3B-11620788E0B7}.D 2024|x64.ActiveCfg = D 2024|Any CPU
		{71E42AAC-243E-4379-BA3B-11620788E0B7}.D 2024|x64.Build.0 = D 2024|Any CPU
		{71E42AAC-243E-4379-BA3B-11620788E0B7}.R 2024|Any CPU.ActiveCfg = R 2024|Any CPU
		{71E42AAC-243E-4379-BA3B-11620788E0B7}.R 2024|Any CPU.Build.0 = R 2024|Any CPU
		{71E42AAC-243E-4379-BA3B-11620788E0B7}.R 2024|x64.ActiveCfg = R 2024|Any CPU
		{71E42AAC-243E-4379-BA3B-11620788E0B7}.R 2024|x64.Build.0 = R 2024|Any CPU
	EndGlobalSection
	GlobalSection(SolutionProperties) = preSolution
		HideSolutionNode = FALSE
	EndGlobalSection
	GlobalSection(ExtensibilityGlobals) = postSolution
		SolutionGuid = {9AE8A193-BB3C-4DCC-B864-DB5CB07560A1}
	EndGlobalSection
EndGlobal
